github.com/reneichhorn/aoc2024Helper v0.1.1 h1:SsC87EqSipOaVrwtWEwyZTFerVjOvWv3wm3npA41XkY=
github.com/reneichhorn/aoc2024Helper v0.1.1/go.mod h1:oFnn3X7+hyv+M/n/xA0HmwgHDShYfYdkcfpCWi8s3/Y=
github.com/reneichhorn/aoc2024Helper v0.1.3 h1:AbjFfQfZKUJEm5U8aKYaH8fPKKaYOxjwVD8DFcLJsq4=
github.com/reneichhorn/aoc2024Helper v0.1.3/go.mod h1:oFnn3X7+hyv+M/n/xA0HmwgHDShYfYdkcfpCWi8s3/Y=
